// !$*UTF8*$!
{
	archiveVersion = 1;
	classes = {
	};
	objectVersion = 56;
	objects = {

/* Begin PBXBuildFile section */
		2C04A8EF8E8D8CCD2078C1B6 /* Pods_SkyBook.framework in Frameworks */ = {isa = PBXBuildFile; fileRef = BEFE6B03759E3413C4155879 /* Pods_SkyBook.framework */; };
		7F22252E2AE4F32F00C13721 /* AppDelegate.swift in Sources */ = {isa = PBXBuildFile; fileRef = 7F22252D2AE4F32F00C13721 /* AppDelegate.swift */; };
		7F2225302AE4F32F00C13721 /* SceneDelegate.swift in Sources */ = {isa = PBXBuildFile; fileRef = 7F22252F2AE4F32F00C13721 /* SceneDelegate.swift */; };
		7F2225322AE4F32F00C13721 /* ViewController.swift in Sources */ = {isa = PBXBuildFile; fileRef = 7F2225312AE4F32F00C13721 /* ViewController.swift */; };
		7F2225352AE4F32F00C13721 /* Main.storyboard in Resources */ = {isa = PBXBuildFile; fileRef = 7F2225332AE4F32F00C13721 /* Main.storyboard */; };
		7F2225382AE4F32F00C13721 /* SkyBook.xcdatamodeld in Sources */ = {isa = PBXBuildFile; fileRef = 7F2225362AE4F32F00C13721 /* SkyBook.xcdatamodeld */; };
		7F22253A2AE4F33100C13721 /* Assets.xcassets in Resources */ = {isa = PBXBuildFile; fileRef = 7F2225392AE4F33100C13721 /* Assets.xcassets */; };
		7F22253D2AE4F33100C13721 /* LaunchScreen.storyboard in Resources */ = {isa = PBXBuildFile; fileRef = 7F22253B2AE4F33100C13721 /* LaunchScreen.storyboard */; };
		7F2225482AE4F33100C13721 /* SkyBookTests.swift in Sources */ = {isa = PBXBuildFile; fileRef = 7F2225472AE4F33100C13721 /* SkyBookTests.swift */; };
		7F2225522AE4F33200C13721 /* SkyBookUITests.swift in Sources */ = {isa = PBXBuildFile; fileRef = 7F2225512AE4F33200C13721 /* SkyBookUITests.swift */; };
		7F2225542AE4F33200C13721 /* SkyBookUITestsLaunchTests.swift in Sources */ = {isa = PBXBuildFile; fileRef = 7F2225532AE4F33200C13721 /* SkyBookUITestsLaunchTests.swift */; };
		C30E8A185903E20A4DCE50F3 /* Pods_SkyBookTests.framework in Frameworks */ = {isa = PBXBuildFile; fileRef = 62237A4FF36ECF7FA4B422E1 /* Pods_SkyBookTests.framework */; };
		CD83A21599AAFDCAF034D585 /* Pods_SkyBook_SkyBookUITests.framework in Frameworks */ = {isa = PBXBuildFile; fileRef = 96D822E08D898E6EDF2842CA /* Pods_SkyBook_SkyBookUITests.framework */; };
/* End PBXBuildFile section */

/* Begin PBXContainerItemProxy section */
		7F2225442AE4F33100C13721 /* PBXContainerItemProxy */ = {
			isa = PBXContainerItemProxy;
			containerPortal = 7F2225222AE4F32F00C13721 /* Project object */;
			proxyType = 1;
			remoteGlobalIDString = 7F2225292AE4F32F00C13721;
			remoteInfo = SkyBook;
		};
		7F22254E2AE4F33200C13721 /* PBXContainerItemProxy */ = {
			isa = PBXContainerItemProxy;
			containerPortal = 7F2225222AE4F32F00C13721 /* Project object */;
			proxyType = 1;
			remoteGlobalIDString = 7F2225292AE4F32F00C13721;
			remoteInfo = SkyBook;
		};
/* End PBXContainerItemProxy section */

/* Begin PBXFileReference section */
		045BB37F4D870677D6FBEA19 /* Pods-SkyBook.debug.xcconfig */ = {isa = PBXFileReference; includeInIndex = 1; lastKnownFileType = text.xcconfig; name = "Pods-SkyBook.debug.xcconfig"; path = "Target Support Files/Pods-SkyBook/Pods-SkyBook.debug.xcconfig"; sourceTree = "<group>"; };
		159B33D1D4A89FB8D4149E07 /* Pods-SkyBook-SkyBookUITests.debug.xcconfig */ = {isa = PBXFileReference; includeInIndex = 1; lastKnownFileType = text.xcconfig; name = "Pods-SkyBook-SkyBookUITests.debug.xcconfig"; path = "Target Support Files/Pods-SkyBook-SkyBookUITests/Pods-SkyBook-SkyBookUITests.debug.xcconfig"; sourceTree = "<group>"; };
		26EEDF1B45C0ED4FD2CEF2EA /* Pods-SkyBook-SkyBookUITests.release.xcconfig */ = {isa = PBXFileReference; includeInIndex = 1; lastKnownFileType = text.xcconfig; name = "Pods-SkyBook-SkyBookUITests.release.xcconfig"; path = "Target Support Files/Pods-SkyBook-SkyBookUITests/Pods-SkyBook-SkyBookUITests.release.xcconfig"; sourceTree = "<group>"; };
		5199A84F343DCA4D1BF9FC92 /* Pods-SkyBookTests.debug.xcconfig */ = {isa = PBXFileReference; includeInIndex = 1; lastKnownFileType = text.xcconfig; name = "Pods-SkyBookTests.debug.xcconfig"; path = "Target Support Files/Pods-SkyBookTests/Pods-SkyBookTests.debug.xcconfig"; sourceTree = "<group>"; };
		62237A4FF36ECF7FA4B422E1 /* Pods_SkyBookTests.framework */ = {isa = PBXFileReference; explicitFileType = wrapper.framework; includeInIndex = 0; path = Pods_SkyBookTests.framework; sourceTree = BUILT_PRODUCTS_DIR; };
		7F22252A2AE4F32F00C13721 /* SkyBook.app */ = {isa = PBXFileReference; explicitFileType = wrapper.application; includeInIndex = 0; path = SkyBook.app; sourceTree = BUILT_PRODUCTS_DIR; };
		7F22252D2AE4F32F00C13721 /* AppDelegate.swift */ = {isa = PBXFileReference; lastKnownFileType = sourcecode.swift; path = AppDelegate.swift; sourceTree = "<group>"; };
		7F22252F2AE4F32F00C13721 /* SceneDelegate.swift */ = {isa = PBXFileReference; lastKnownFileType = sourcecode.swift; path = SceneDelegate.swift; sourceTree = "<group>"; };
		7F2225312AE4F32F00C13721 /* ViewController.swift */ = {isa = PBXFileReference; lastKnownFileType = sourcecode.swift; path = ViewController.swift; sourceTree = "<group>"; };
		7F2225342AE4F32F00C13721 /* Base */ = {isa = PBXFileReference; lastKnownFileType = file.storyboard; name = Base; path = Base.lproj/Main.storyboard; sourceTree = "<group>"; };
		7F2225372AE4F32F00C13721 /* SkyBook.xcdatamodel */ = {isa = PBXFileReference; lastKnownFileType = wrapper.xcdatamodel; path = SkyBook.xcdatamodel; sourceTree = "<group>"; };
		7F2225392AE4F33100C13721 /* Assets.xcassets */ = {isa = PBXFileReference; lastKnownFileType = folder.assetcatalog; path = Assets.xcassets; sourceTree = "<group>"; };
		7F22253C2AE4F33100C13721 /* Base */ = {isa = PBXFileReference; lastKnownFileType = file.storyboard; name = Base; path = Base.lproj/LaunchScreen.storyboard; sourceTree = "<group>"; };
		7F22253E2AE4F33100C13721 /* Info.plist */ = {isa = PBXFileReference; lastKnownFileType = text.plist.xml; path = Info.plist; sourceTree = "<group>"; };
		7F2225432AE4F33100C13721 /* SkyBookTests.xctest */ = {isa = PBXFileReference; explicitFileType = wrapper.cfbundle; includeInIndex = 0; path = SkyBookTests.xctest; sourceTree = BUILT_PRODUCTS_DIR; };
		7F2225472AE4F33100C13721 /* SkyBookTests.swift */ = {isa = PBXFileReference; lastKnownFileType = sourcecode.swift; path = SkyBookTests.swift; sourceTree = "<group>"; };
		7F22254D2AE4F33200C13721 /* SkyBookUITests.xctest */ = {isa = PBXFileReference; explicitFileType = wrapper.cfbundle; includeInIndex = 0; path = SkyBookUITests.xctest; sourceTree = BUILT_PRODUCTS_DIR; };
		7F2225512AE4F33200C13721 /* SkyBookUITests.swift */ = {isa = PBXFileReference; lastKnownFileType = sourcecode.swift; path = SkyBookUITests.swift; sourceTree = "<group>"; };
		7F2225532AE4F33200C13721 /* SkyBookUITestsLaunchTests.swift */ = {isa = PBXFileReference; lastKnownFileType = sourcecode.swift; path = SkyBookUITestsLaunchTests.swift; sourceTree = "<group>"; };
		96D822E08D898E6EDF2842CA /* Pods_SkyBook_SkyBookUITests.framework */ = {isa = PBXFileReference; explicitFileType = wrapper.framework; includeInIndex = 0; path = Pods_SkyBook_SkyBookUITests.framework; sourceTree = BUILT_PRODUCTS_DIR; };
		AA5CFB0467D569319F30E6C8 /* Pods-SkyBook.release.xcconfig */ = {isa = PBXFileReference; includeInIndex = 1; lastKnownFileType = text.xcconfig; name = "Pods-SkyBook.release.xcconfig"; path = "Target Support Files/Pods-SkyBook/Pods-SkyBook.release.xcconfig"; sourceTree = "<group>"; };
		BEFE6B03759E3413C4155879 /* Pods_SkyBook.framework */ = {isa = PBXFileReference; explicitFileType = wrapper.framework; includeInIndex = 0; path = Pods_SkyBook.framework; sourceTree = BUILT_PRODUCTS_DIR; };
		CB92862DB173AFEDBCF891D9 /* Pods-SkyBookTests.release.xcconfig */ = {isa = PBXFileReference; includeInIndex = 1; lastKnownFileType = text.xcconfig; name = "Pods-SkyBookTests.release.xcconfig"; path = "Target Support Files/Pods-SkyBookTests/Pods-SkyBookTests.release.xcconfig"; sourceTree = "<group>"; };
/* End PBXFileReference section */

/* Begin PBXFrameworksBuildPhase section */
		7F2225272AE4F32F00C13721 /* Frameworks */ = {
			isa = PBXFrameworksBuildPhase;
			buildActionMask = 2147483647;
			files = (
				2C04A8EF8E8D8CCD2078C1B6 /* Pods_SkyBook.framework in Frameworks */,
			);
			runOnlyForDeploymentPostprocessing = 0;
		};
		7F2225402AE4F33100C13721 /* Frameworks */ = {
			isa = PBXFrameworksBuildPhase;
			buildActionMask = 2147483647;
			files = (
				C30E8A185903E20A4DCE50F3 /* Pods_SkyBookTests.framework in Frameworks */,
			);
			runOnlyForDeploymentPostprocessing = 0;
		};
		7F22254A2AE4F33200C13721 /* Frameworks */ = {
			isa = PBXFrameworksBuildPhase;
			buildActionMask = 2147483647;
			files = (
				CD83A21599AAFDCAF034D585 /* Pods_SkyBook_SkyBookUITests.framework in Frameworks */,
			);
			runOnlyForDeploymentPostprocessing = 0;
		};
/* End PBXFrameworksBuildPhase section */

/* Begin PBXGroup section */
		71316608106BF4768A7FA509 /* Frameworks */ = {
			isa = PBXGroup;
			children = (
				BEFE6B03759E3413C4155879 /* Pods_SkyBook.framework */,
				96D822E08D898E6EDF2842CA /* Pods_SkyBook_SkyBookUITests.framework */,
				62237A4FF36ECF7FA4B422E1 /* Pods_SkyBookTests.framework */,
			);
			name = Frameworks;
			sourceTree = "<group>";
		};
		7F2225212AE4F32F00C13721 = {
			isa = PBXGroup;
			children = (
				7F22252C2AE4F32F00C13721 /* SkyBook */,
				7F2225462AE4F33100C13721 /* SkyBookTests */,
				7F2225502AE4F33200C13721 /* SkyBookUITests */,
				7F22252B2AE4F32F00C13721 /* Products */,
				AD280CC2B758450086F34DDC /* Pods */,
				71316608106BF4768A7FA509 /* Frameworks */,
			);
			sourceTree = "<group>";
		};
		7F22252B2AE4F32F00C13721 /* Products */ = {
			isa = PBXGroup;
			children = (
				7F22252A2AE4F32F00C13721 /* SkyBook.app */,
				7F2225432AE4F33100C13721 /* SkyBookTests.xctest */,
				7F22254D2AE4F33200C13721 /* SkyBookUITests.xctest */,
			);
			name = Products;
			sourceTree = "<group>";
		};
		7F22252C2AE4F32F00C13721 /* SkyBook */ = {
			isa = PBXGroup;
			children = (
				7F22252D2AE4F32F00C13721 /* AppDelegate.swift */,
				7F22252F2AE4F32F00C13721 /* SceneDelegate.swift */,
				7F2225312AE4F32F00C13721 /* ViewController.swift */,
				7F2225332AE4F32F00C13721 /* Main.storyboard */,
				7F2225392AE4F33100C13721 /* Assets.xcassets */,
				7F22253B2AE4F33100C13721 /* LaunchScreen.storyboard */,
				7F22253E2AE4F33100C13721 /* Info.plist */,
				7F2225362AE4F32F00C13721 /* SkyBook.xcdatamodeld */,
			);
			path = SkyBook;
			sourceTree = "<group>";
		};
		7F2225462AE4F33100C13721 /* SkyBookTests */ = {
			isa = PBXGroup;
			children = (
				7F2225472AE4F33100C13721 /* SkyBookTests.swift */,
			);
			path = SkyBookTests;
			sourceTree = "<group>";
		};
		7F2225502AE4F33200C13721 /* SkyBookUITests */ = {
			isa = PBXGroup;
			children = (
				7F2225512AE4F33200C13721 /* SkyBookUITests.swift */,
				7F2225532AE4F33200C13721 /* SkyBookUITestsLaunchTests.swift */,
			);
			path = SkyBookUITests;
			sourceTree = "<group>";
		};
		AD280CC2B758450086F34DDC /* Pods */ = {
			isa = PBXGroup;
			children = (
				045BB37F4D870677D6FBEA19 /* Pods-SkyBook.debug.xcconfig */,
				AA5CFB0467D569319F30E6C8 /* Pods-SkyBook.release.xcconfig */,
				159B33D1D4A89FB8D4149E07 /* Pods-SkyBook-SkyBookUITests.debug.xcconfig */,
				26EEDF1B45C0ED4FD2CEF2EA /* Pods-SkyBook-SkyBookUITests.release.xcconfig */,
				5199A84F343DCA4D1BF9FC92 /* Pods-SkyBookTests.debug.xcconfig */,
				CB92862DB173AFEDBCF891D9 /* Pods-SkyBookTests.release.xcconfig */,
			);
			name = Pods;
			path = Pods;
			sourceTree = "<group>";
		};
/* End PBXGroup section */

/* Begin PBXNativeTarget section */
		7F2225292AE4F32F00C13721 /* SkyBook */ = {
			isa = PBXNativeTarget;
			buildConfigurationList = 7F2225572AE4F33200C13721 /* Build configuration list for PBXNativeTarget "SkyBook" */;
			buildPhases = (
				0EAE75D79BDF5CC969BA7120 /* [CP] Check Pods Manifest.lock */,
				7F2225262AE4F32F00C13721 /* Sources */,
				7F2225272AE4F32F00C13721 /* Frameworks */,
				7F2225282AE4F32F00C13721 /* Resources */,
				A812CD5F7FE6DDE977B9ED61 /* [CP] Embed Pods Frameworks */,
			);
			buildRules = (
			);
			dependencies = (
			);
			name = SkyBook;
			productName = SkyBook;
			productReference = 7F22252A2AE4F32F00C13721 /* SkyBook.app */;
			productType = "com.apple.product-type.application";
		};
		7F2225422AE4F33100C13721 /* SkyBookTests */ = {
			isa = PBXNativeTarget;
			buildConfigurationList = 7F22255A2AE4F33200C13721 /* Build configuration list for PBXNativeTarget "SkyBookTests" */;
			buildPhases = (
				59354255172A5D1D389C7A33 /* [CP] Check Pods Manifest.lock */,
				7F22253F2AE4F33100C13721 /* Sources */,
				7F2225402AE4F33100C13721 /* Frameworks */,
				7F2225412AE4F33100C13721 /* Resources */,
			);
			buildRules = (
			);
			dependencies = (
				7F2225452AE4F33100C13721 /* PBXTargetDependency */,
			);
			name = SkyBookTests;
			productName = SkyBookTests;
			productReference = 7F2225432AE4F33100C13721 /* SkyBookTests.xctest */;
			productType = "com.apple.product-type.bundle.unit-test";
		};
		7F22254C2AE4F33200C13721 /* SkyBookUITests */ = {
			isa = PBXNativeTarget;
			buildConfigurationList = 7F22255D2AE4F33200C13721 /* Build configuration list for PBXNativeTarget "SkyBookUITests" */;
			buildPhases = (
				CA1F67F14FB3016E275500DA /* [CP] Check Pods Manifest.lock */,
				7F2225492AE4F33200C13721 /* Sources */,
				7F22254A2AE4F33200C13721 /* Frameworks */,
				7F22254B2AE4F33200C13721 /* Resources */,
				E2CB609ED702DF74F4784FBD /* [CP] Embed Pods Frameworks */,
			);
			buildRules = (
			);
			dependencies = (
				7F22254F2AE4F33200C13721 /* PBXTargetDependency */,
			);
			name = SkyBookUITests;
			productName = SkyBookUITests;
			productReference = 7F22254D2AE4F33200C13721 /* SkyBookUITests.xctest */;
			productType = "com.apple.product-type.bundle.ui-testing";
		};
/* End PBXNativeTarget section */

/* Begin PBXProject section */
		7F2225222AE4F32F00C13721 /* Project object */ = {
			isa = PBXProject;
			attributes = {
				BuildIndependentTargetsInParallel = 1;
				LastSwiftUpdateCheck = 1500;
				LastUpgradeCheck = 1500;
				TargetAttributes = {
					7F2225292AE4F32F00C13721 = {
						CreatedOnToolsVersion = 15.0;
					};
					7F2225422AE4F33100C13721 = {
						CreatedOnToolsVersion = 15.0;
						TestTargetID = 7F2225292AE4F32F00C13721;
					};
					7F22254C2AE4F33200C13721 = {
						CreatedOnToolsVersion = 15.0;
						TestTargetID = 7F2225292AE4F32F00C13721;
					};
				};
			};
			buildConfigurationList = 7F2225252AE4F32F00C13721 /* Build configuration list for PBXProject "SkyBook" */;
			compatibilityVersion = "Xcode 14.0";
			developmentRegion = en;
			hasScannedForEncodings = 0;
			knownRegions = (
				en,
				Base,
			);
			mainGroup = 7F2225212AE4F32F00C13721;
			productRefGroup = 7F22252B2AE4F32F00C13721 /* Products */;
			projectDirPath = "";
			projectRoot = "";
			targets = (
				7F2225292AE4F32F00C13721 /* SkyBook */,
				7F2225422AE4F33100C13721 /* SkyBookTests */,
				7F22254C2AE4F33200C13721 /* SkyBookUITests */,
			);
		};
/* End PBXProject section */

/* Begin PBXResourcesBuildPhase section */
		7F2225282AE4F32F00C13721 /* Resources */ = {
			isa = PBXResourcesBuildPhase;
			buildActionMask = 2147483647;
			files = (
				7F22253D2AE4F33100C13721 /* LaunchScreen.storyboard in Resources */,
				7F22253A2AE4F33100C13721 /* Assets.xcassets in Resources */,
				7F2225352AE4F32F00C13721 /* Main.storyboard in Resources */,
			);
			runOnlyForDeploymentPostprocessing = 0;
		};
		7F2225412AE4F33100C13721 /* Resources */ = {
			isa = PBXResourcesBuildPhase;
			buildActionMask = 2147483647;
			files = (
			);
			runOnlyForDeploymentPostprocessing = 0;
		};
		7F22254B2AE4F33200C13721 /* Resources */ = {
			isa = PBXResourcesBuildPhase;
			buildActionMask = 2147483647;
			files = (
			);
			runOnlyForDeploymentPostprocessing = 0;
		};
/* End PBXResourcesBuildPhase section */

/* Begin PBXShellScriptBuildPhase section */
		0EAE75D79BDF5CC969BA7120 /* [CP] Check Pods Manifest.lock */ = {
			isa = PBXShellScriptBuildPhase;
			buildActionMask = 2147483647;
			files = (
			);
			inputFileListPaths = (
			);
			inputPaths = (
				"${PODS_PODFILE_DIR_PATH}/Podfile.lock",
				"${PODS_ROOT}/Manifest.lock",
			);
			name = "[CP] Check Pods Manifest.lock";
			outputFileListPaths = (
			);
			outputPaths = (
				"$(DERIVED_FILE_DIR)/Pods-SkyBook-checkManifestLockResult.txt",
			);
			runOnlyForDeploymentPostprocessing = 0;
			shellPath = /bin/sh;
			shellScript = "diff \"${PODS_PODFILE_DIR_PATH}/Podfile.lock\" \"${PODS_ROOT}/Manifest.lock\" > /dev/null\nif [ $? != 0 ] ; then\n    # print error to STDERR\n    echo \"error: The sandbox is not in sync with the Podfile.lock. Run 'pod install' or update your CocoaPods installation.\" >&2\n    exit 1\nfi\n# This output is used by Xcode 'outputs' to avoid re-running this script phase.\necho \"SUCCESS\" > \"${SCRIPT_OUTPUT_FILE_0}\"\n";
			showEnvVarsInLog = 0;
		};
		59354255172A5D1D389C7A33 /* [CP] Check Pods Manifest.lock */ = {
			isa = PBXShellScriptBuildPhase;
			buildActionMask = 2147483647;
			files = (
			);
			inputFileListPaths = (
			);
			inputPaths = (
				"${PODS_PODFILE_DIR_PATH}/Podfile.lock",
				"${PODS_ROOT}/Manifest.lock",
			);
			name = "[CP] Check Pods Manifest.lock";
			outputFileListPaths = (
			);
			outputPaths = (
				"$(DERIVED_FILE_DIR)/Pods-SkyBookTests-checkManifestLockResult.txt",
			);
			runOnlyForDeploymentPostprocessing = 0;
			shellPath = /bin/sh;
			shellScript = "diff \"${PODS_PODFILE_DIR_PATH}/Podfile.lock\" \"${PODS_ROOT}/Manifest.lock\" > /dev/null\nif [ $? != 0 ] ; then\n    # print error to STDERR\n    echo \"error: The sandbox is not in sync with the Podfile.lock. Run 'pod install' or update your CocoaPods installation.\" >&2\n    exit 1\nfi\n# This output is used by Xcode 'outputs' to avoid re-running this script phase.\necho \"SUCCESS\" > \"${SCRIPT_OUTPUT_FILE_0}\"\n";
			showEnvVarsInLog = 0;
		};
		A812CD5F7FE6DDE977B9ED61 /* [CP] Embed Pods Frameworks */ = {
			isa = PBXShellScriptBuildPhase;
			buildActionMask = 2147483647;
			files = (
			);
			inputFileListPaths = (
				"${PODS_ROOT}/Target Support Files/Pods-SkyBook/Pods-SkyBook-frameworks-${CONFIGURATION}-input-files.xcfilelist",
			);
			name = "[CP] Embed Pods Frameworks";
			outputFileListPaths = (
				"${PODS_ROOT}/Target Support Files/Pods-SkyBook/Pods-SkyBook-frameworks-${CONFIGURATION}-output-files.xcfilelist",
			);
			runOnlyForDeploymentPostprocessing = 0;
			shellPath = /bin/sh;
			shellScript = "\"${PODS_ROOT}/Target Support Files/Pods-SkyBook/Pods-SkyBook-frameworks.sh\"\n";
			showEnvVarsInLog = 0;
		};
		CA1F67F14FB3016E275500DA /* [CP] Check Pods Manifest.lock */ = {
			isa = PBXShellScriptBuildPhase;
			buildActionMask = 2147483647;
			files = (
			);
			inputFileListPaths = (
			);
			inputPaths = (
				"${PODS_PODFILE_DIR_PATH}/Podfile.lock",
				"${PODS_ROOT}/Manifest.lock",
			);
			name = "[CP] Check Pods Manifest.lock";
			outputFileListPaths = (
			);
			outputPaths = (
				"$(DERIVED_FILE_DIR)/Pods-SkyBook-SkyBookUITests-checkManifestLockResult.txt",
			);
			runOnlyForDeploymentPostprocessing = 0;
			shellPath = /bin/sh;
			shellScript = "diff \"${PODS_PODFILE_DIR_PATH}/Podfile.lock\" \"${PODS_ROOT}/Manifest.lock\" > /dev/null\nif [ $? != 0 ] ; then\n    # print error to STDERR\n    echo \"error: The sandbox is not in sync with the Podfile.lock. Run 'pod install' or update your CocoaPods installation.\" >&2\n    exit 1\nfi\n# This output is used by Xcode 'outputs' to avoid re-running this script phase.\necho \"SUCCESS\" > \"${SCRIPT_OUTPUT_FILE_0}\"\n";
			showEnvVarsInLog = 0;
		};
		E2CB609ED702DF74F4784FBD /* [CP] Embed Pods Frameworks */ = {
			isa = PBXShellScriptBuildPhase;
			buildActionMask = 2147483647;
			files = (
			);
			inputFileListPaths = (
				"${PODS_ROOT}/Target Support Files/Pods-SkyBook-SkyBookUITests/Pods-SkyBook-SkyBookUITests-frameworks-${CONFIGURATION}-input-files.xcfilelist",
			);
			name = "[CP] Embed Pods Frameworks";
			outputFileListPaths = (
				"${PODS_ROOT}/Target Support Files/Pods-SkyBook-SkyBookUITests/Pods-SkyBook-SkyBookUITests-frameworks-${CONFIGURATION}-output-files.xcfilelist",
			);
			runOnlyForDeploymentPostprocessing = 0;
			shellPath = /bin/sh;
			shellScript = "\"${PODS_ROOT}/Target Support Files/Pods-SkyBook-SkyBookUITests/Pods-SkyBook-SkyBookUITests-frameworks.sh\"\n";
			showEnvVarsInLog = 0;
		};
/* End PBXShellScriptBuildPhase section */

/* Begin PBXSourcesBuildPhase section */
		7F2225262AE4F32F00C13721 /* Sources */ = {
			isa = PBXSourcesBuildPhase;
			buildActionMask = 2147483647;
			files = (
				7F2225322AE4F32F00C13721 /* ViewController.swift in Sources */,
				7F22252E2AE4F32F00C13721 /* AppDelegate.swift in Sources */,
				7F2225382AE4F32F00C13721 /* SkyBook.xcdatamodeld in Sources */,
				7F2225302AE4F32F00C13721 /* SceneDelegate.swift in Sources */,
			);
			runOnlyForDeploymentPostprocessing = 0;
		};
		7F22253F2AE4F33100C13721 /* Sources */ = {
			isa = PBXSourcesBuildPhase;
			buildActionMask = 2147483647;
			files = (
				7F2225482AE4F33100C13721 /* SkyBookTests.swift in Sources */,
			);
			runOnlyForDeploymentPostprocessing = 0;
		};
		7F2225492AE4F33200C13721 /* Sources */ = {
			isa = PBXSourcesBuildPhase;
			buildActionMask = 2147483647;
			files = (
				7F2225522AE4F33200C13721 /* SkyBookUITests.swift in Sources */,
				7F2225542AE4F33200C13721 /* SkyBookUITestsLaunchTests.swift in Sources */,
			);
			runOnlyForDeploymentPostprocessing = 0;
		};
/* End PBXSourcesBuildPhase section */

/* Begin PBXTargetDependency section */
		7F2225452AE4F33100C13721 /* PBXTargetDependency */ = {
			isa = PBXTargetDependency;
			target = 7F2225292AE4F32F00C13721 /* SkyBook */;
			targetProxy = 7F2225442AE4F33100C13721 /* PBXContainerItemProxy */;
		};
		7F22254F2AE4F33200C13721 /* PBXTargetDependency */ = {
			isa = PBXTargetDependency;
			target = 7F2225292AE4F32F00C13721 /* SkyBook */;
			targetProxy = 7F22254E2AE4F33200C13721 /* PBXContainerItemProxy */;
		};
/* End PBXTargetDependency section */

/* Begin PBXVariantGroup section */
		7F2225332AE4F32F00C13721 /* Main.storyboard */ = {
			isa = PBXVariantGroup;
			children = (
				7F2225342AE4F32F00C13721 /* Base */,
			);
			name = Main.storyboard;
			sourceTree = "<group>";
		};
		7F22253B2AE4F33100C13721 /* LaunchScreen.storyboard */ = {
			isa = PBXVariantGroup;
			children = (
				7F22253C2AE4F33100C13721 /* Base */,
			);
			name = LaunchScreen.storyboard;
			sourceTree = "<group>";
		};
/* End PBXVariantGroup section */

/* Begin XCBuildConfiguration section */
		7F2225552AE4F33200C13721 /* Debug */ = {
			isa = XCBuildConfiguration;
			buildSettings = {
				ALWAYS_SEARCH_USER_PATHS = NO;
				ASSETCATALOG_COMPILER_GENERATE_SWIFT_ASSET_SYMBOL_EXTENSIONS = YES;
				CLANG_ANALYZER_NONNULL = YES;
				CLANG_ANALYZER_NUMBER_OBJECT_CONVERSION = YES_AGGRESSIVE;
				CLANG_CXX_LANGUAGE_STANDARD = "gnu++20";
				CLANG_ENABLE_MODULES = YES;
				CLANG_ENABLE_OBJC_ARC = YES;
				CLANG_ENABLE_OBJC_WEAK = YES;
				CLANG_WARN_BLOCK_CAPTURE_AUTORELEASING = YES;
				CLANG_WARN_BOOL_CONVERSION = YES;
				CLANG_WARN_COMMA = YES;
				CLANG_WARN_CONSTANT_CONVERSION = YES;
				CLANG_WARN_DEPRECATED_OBJC_IMPLEMENTATIONS = YES;
				CLANG_WARN_DIRECT_OBJC_ISA_USAGE = YES_ERROR;
				CLANG_WARN_DOCUMENTATION_COMMENTS = YES;
				CLANG_WARN_EMPTY_BODY = YES;
				CLANG_WARN_ENUM_CONVERSION = YES;
				CLANG_WARN_INFINITE_RECURSION = YES;
				CLANG_WARN_INT_CONVERSION = YES;
				CLANG_WARN_NON_LITERAL_NULL_CONVERSION = YES;
				CLANG_WARN_OBJC_IMPLICIT_RETAIN_SELF = YES;
				CLANG_WARN_OBJC_LITERAL_CONVERSION = YES;
				CLANG_WARN_OBJC_ROOT_CLASS = YES_ERROR;
				CLANG_WARN_QUOTED_INCLUDE_IN_FRAMEWORK_HEADER = YES;
				CLANG_WARN_RANGE_LOOP_ANALYSIS = YES;
				CLANG_WARN_STRICT_PROTOTYPES = YES;
				CLANG_WARN_SUSPICIOUS_MOVE = YES;
				CLANG_WARN_UNGUARDED_AVAILABILITY = YES_AGGRESSIVE;
				CLANG_WARN_UNREACHABLE_CODE = YES;
				CLANG_WARN__DUPLICATE_METHOD_MATCH = YES;
				COPY_PHASE_STRIP = NO;
				DEBUG_INFORMATION_FORMAT = dwarf;
				ENABLE_STRICT_OBJC_MSGSEND = YES;
				ENABLE_TESTABILITY = YES;
				ENABLE_USER_SCRIPT_SANDBOXING = YES;
				GCC_C_LANGUAGE_STANDARD = gnu17;
				GCC_DYNAMIC_NO_PIC = NO;
				GCC_NO_COMMON_BLOCKS = YES;
				GCC_OPTIMIZATION_LEVEL = 0;
				GCC_PREPROCESSOR_DEFINITIONS = (
					"DEBUG=1",
					"$(inherited)",
				);
				GCC_WARN_64_TO_32_BIT_CONVERSION = YES;
				GCC_WARN_ABOUT_RETURN_TYPE = YES_ERROR;
				GCC_WARN_UNDECLARED_SELECTOR = YES;
				GCC_WARN_UNINITIALIZED_AUTOS = YES_AGGRESSIVE;
				GCC_WARN_UNUSED_FUNCTION = YES;
				GCC_WARN_UNUSED_VARIABLE = YES;
				IPHONEOS_DEPLOYMENT_TARGET = 17.0;
				LOCALIZATION_PREFERS_STRING_CATALOGS = YES;
				MTL_ENABLE_DEBUG_INFO = INCLUDE_SOURCE;
				MTL_FAST_MATH = YES;
				ONLY_ACTIVE_ARCH = YES;
				SDKROOT = iphoneos;
				SWIFT_ACTIVE_COMPILATION_CONDITIONS = "DEBUG $(inherited)";
				SWIFT_OPTIMIZATION_LEVEL = "-Onone";
			};
			name = Debug;
		};
		7F2225562AE4F33200C13721 /* Release */ = {
			isa = XCBuildConfiguration;
			buildSettings = {
				ALWAYS_SEARCH_USER_PATHS = NO;
				ASSETCATALOG_COMPILER_GENERATE_SWIFT_ASSET_SYMBOL_EXTENSIONS = YES;
				CLANG_ANALYZER_NONNULL = YES;
				CLANG_ANALYZER_NUMBER_OBJECT_CONVERSION = YES_AGGRESSIVE;
				CLANG_CXX_LANGUAGE_STANDARD = "gnu++20";
				CLANG_ENABLE_MODULES = YES;
				CLANG_ENABLE_OBJC_ARC = YES;
				CLANG_ENABLE_OBJC_WEAK = YES;
				CLANG_WARN_BLOCK_CAPTURE_AUTORELEASING = YES;
				CLANG_WARN_BOOL_CONVERSION = YES;
				CLANG_WARN_COMMA = YES;
				CLANG_WARN_CONSTANT_CONVERSION = YES;
				CLANG_WARN_DEPRECATED_OBJC_IMPLEMENTATIONS = YES;
				CLANG_WARN_DIRECT_OBJC_ISA_USAGE = YES_ERROR;
				CLANG_WARN_DOCUMENTATION_COMMENTS = YES;
				CLANG_WARN_EMPTY_BODY = YES;
				CLANG_WARN_ENUM_CONVERSION = YES;
				CLANG_WARN_INFINITE_RECURSION = YES;
				CLANG_WARN_INT_CONVERSION = YES;
				CLANG_WARN_NON_LITERAL_NULL_CONVERSION = YES;
				CLANG_WARN_OBJC_IMPLICIT_RETAIN_SELF = YES;
				CLANG_WARN_OBJC_LITERAL_CONVERSION = YES;
				CLANG_WARN_OBJC_ROOT_CLASS = YES_ERROR;
				CLANG_WARN_QUOTED_INCLUDE_IN_FRAMEWORK_HEADER = YES;
				CLANG_WARN_RANGE_LOOP_ANALYSIS = YES;
				CLANG_WARN_STRICT_PROTOTYPES = YES;
				CLANG_WARN_SUSPICIOUS_MOVE = YES;
				CLANG_WARN_UNGUARDED_AVAILABILITY = YES_AGGRESSIVE;
				CLANG_WARN_UNREACHABLE_CODE = YES;
				CLANG_WARN__DUPLICATE_METHOD_MATCH = YES;
				COPY_PHASE_STRIP = NO;
				DEBUG_INFORMATION_FORMAT = "dwarf-with-dsym";
				ENABLE_NS_ASSERTIONS = NO;
				ENABLE_STRICT_OBJC_MSGSEND = YES;
				ENABLE_USER_SCRIPT_SANDBOXING = YES;
				GCC_C_LANGUAGE_STANDARD = gnu17;
				GCC_NO_COMMON_BLOCKS = YES;
				GCC_WARN_64_TO_32_BIT_CONVERSION = YES;
				GCC_WARN_ABOUT_RETURN_TYPE = YES_ERROR;
				GCC_WARN_UNDECLARED_SELECTOR = YES;
				GCC_WARN_UNINITIALIZED_AUTOS = YES_AGGRESSIVE;
				GCC_WARN_UNUSED_FUNCTION = YES;
				GCC_WARN_UNUSED_VARIABLE = YES;
				IPHONEOS_DEPLOYMENT_TARGET = 17.0;
				LOCALIZATION_PREFERS_STRING_CATALOGS = YES;
				MTL_ENABLE_DEBUG_INFO = NO;
				MTL_FAST_MATH = YES;
				SDKROOT = iphoneos;
				SWIFT_COMPILATION_MODE = wholemodule;
				VALIDATE_PRODUCT = YES;
			};
			name = Release;
		};
		7F2225582AE4F33200C13721 /* Debug */ = {
			isa = XCBuildConfiguration;
			baseConfigurationReference = 045BB37F4D870677D6FBEA19 /* Pods-SkyBook.debug.xcconfig */;
			buildSettings = {
				ASSETCATALOG_COMPILER_APPICON_NAME = AppIcon;
				ASSETCATALOG_COMPILER_GLOBAL_ACCENT_COLOR_NAME = AccentColor;
				CODE_SIGN_STYLE = Automatic;
				CURRENT_PROJECT_VERSION = 1;
				DEVELOPMENT_TEAM = 9BHQ3B3A96;
				GENERATE_INFOPLIST_FILE = YES;
				INFOPLIST_FILE = SkyBook/Info.plist;
				INFOPLIST_KEY_CFBundleDisplayName = "天空之书";
				INFOPLIST_KEY_UIApplicationSupportsIndirectInputEvents = YES;
				INFOPLIST_KEY_UILaunchStoryboardName = LaunchScreen;
				INFOPLIST_KEY_UIMainStoryboardFile = Main;
				INFOPLIST_KEY_UISupportedInterfaceOrientations = UIInterfaceOrientationPortrait;
				INFOPLIST_KEY_UISupportedInterfaceOrientations_iPad = "UIInterfaceOrientationLandscapeLeft UIInterfaceOrientationLandscapeRight UIInterfaceOrientationPortrait UIInterfaceOrientationPortraitUpsideDown";
				IPHONEOS_DEPLOYMENT_TARGET = 15.0;
				LD_RUNPATH_SEARCH_PATHS = (
					"$(inherited)",
					"@executable_path/Frameworks",
				);
				MARKETING_VERSION = 1.0;
				PRODUCT_BUNDLE_IDENTIFIER = com.weiquan.d.SkyBook;
				PRODUCT_NAME = "$(TARGET_NAME)";
				SWIFT_EMIT_LOC_STRINGS = YES;
				SWIFT_VERSION = 5.0;
				TARGETED_DEVICE_FAMILY = "1,2";
			};
			name = Debug;
		};
		7F2225592AE4F33200C13721 /* Release */ = {
			isa = XCBuildConfiguration;
			baseConfigurationReference = AA5CFB0467D569319F30E6C8 /* Pods-SkyBook.release.xcconfig */;
			buildSettings = {
				ASSETCATALOG_COMPILER_APPICON_NAME = AppIcon;
				ASSETCATALOG_COMPILER_GLOBAL_ACCENT_COLOR_NAME = AccentColor;
				CODE_SIGN_STYLE = Automatic;
				CURRENT_PROJECT_VERSION = 1;
				DEVELOPMENT_TEAM = 9BHQ3B3A96;
				GENERATE_INFOPLIST_FILE = YES;
				INFOPLIST_FILE = SkyBook/Info.plist;
				INFOPLIST_KEY_CFBundleDisplayName = "天空之书";
				INFOPLIST_KEY_UIApplicationSupportsIndirectInputEvents = YES;
				INFOPLIST_KEY_UILaunchStoryboardName = LaunchScreen;
				INFOPLIST_KEY_UIMainStoryboardFile = Main;
				INFOPLIST_KEY_UISupportedInterfaceOrientations = UIInterfaceOrientationPortrait;
				INFOPLIST_KEY_UISupportedInterfaceOrientations_iPad = "UIInterfaceOrientationLandscapeLeft UIInterfaceOrientationLandscapeRight UIInterfaceOrientationPortrait UIInterfaceOrientationPortraitUpsideDown";
				IPHONEOS_DEPLOYMENT_TARGET = 15.0;
				LD_RUNPATH_SEARCH_PATHS = (
					"$(inherited)",
					"@executable_path/Frameworks",
				);
				MARKETING_VERSION = 1.0;
				PRODUCT_BUNDLE_IDENTIFIER = com.weiquan.d.SkyBook;
				PRODUCT_NAME = "$(TARGET_NAME)";
				SWIFT_EMIT_LOC_STRINGS = YES;
				SWIFT_VERSION = 5.0;
				TARGETED_DEVICE_FAMILY = "1,2";
			};
			name = Release;
		};
		7F22255B2AE4F33200C13721 /* Debug */ = {
			isa = XCBuildConfiguration;
			baseConfigurationReference = 5199A84F343DCA4D1BF9FC92 /* Pods-SkyBookTests.debug.xcconfig */;
			buildSettings = {
				ALWAYS_EMBED_SWIFT_STANDARD_LIBRARIES = YES;
				BUNDLE_LOADER = "$(TEST_HOST)";
				CODE_SIGN_STYLE = Automatic;
				CURRENT_PROJECT_VERSION = 1;
				DEVELOPMENT_TEAM = 9BHQ3B3A96;
				GENERATE_INFOPLIST_FILE = YES;
				IPHONEOS_DEPLOYMENT_TARGET = 17.0;
				MARKETING_VERSION = 1.0;
				PRODUCT_BUNDLE_IDENTIFIER = com.weiquan.d.SkyBookTests;
				PRODUCT_NAME = "$(TARGET_NAME)";
				SWIFT_EMIT_LOC_STRINGS = NO;
				SWIFT_VERSION = 5.0;
				TARGETED_DEVICE_FAMILY = "1,2";
				TEST_HOST = "$(BUILT_PRODUCTS_DIR)/SkyBook.app/$(BUNDLE_EXECUTABLE_FOLDER_PATH)/SkyBook";
			};
			name = Debug;
		};
		7F22255C2AE4F33200C13721 /* Release */ = {
			isa = XCBuildConfiguration;
			baseConfigurationReference = CB92862DB173AFEDBCF891D9 /* Pods-SkyBookTests.release.xcconfig */;
			buildSettings = {
				ALWAYS_EMBED_SWIFT_STANDARD_LIBRARIES = YES;
				BUNDLE_LOADER = "$(TEST_HOST)";
				CODE_SIGN_STYLE = Automatic;
				CURRENT_PROJECT_VERSION = 1;
				DEVELOPMENT_TEAM = 9BHQ3B3A96;
				GENERATE_INFOPLIST_FILE = YES;
				IPHONEOS_DEPLOYMENT_TARGET = 17.0;
				MARKETING_VERSION = 1.0;
				PRODUCT_BUNDLE_IDENTIFIER = com.weiquan.d.SkyBookTests;
				PRODUCT_NAME = "$(TARGET_NAME)";
				SWIFT_EMIT_LOC_STRINGS = NO;
				SWIFT_VERSION = 5.0;
				TARGETED_DEVICE_FAMILY = "1,2";
				TEST_HOST = "$(BUILT_PRODUCTS_DIR)/SkyBook.app/$(BUNDLE_EXECUTABLE_FOLDER_PATH)/SkyBook";
			};
			name = Release;
		};
		7F22255E2AE4F33200C13721 /* Debug */ = {
			isa = XCBuildConfiguration;
			baseConfigurationReference = 159B33D1D4A89FB8D4149E07 /* Pods-SkyBook-SkyBookUITests.debug.xcconfig */;
			buildSettings = {
				ALWAYS_EMBED_SWIFT_STANDARD_LIBRARIES = YES;
				CODE_SIGN_STYLE = Automatic;
				CURRENT_PROJECT_VERSION = 1;
				DEVELOPMENT_TEAM = 9BHQ3B3A96;
				GENERATE_INFOPLIST_FILE = YES;
				MARKETING_VERSION = 1.0;
				PRODUCT_BUNDLE_IDENTIFIER = com.weiquan.d.SkyBookUITests;
				PRODUCT_NAME = "$(TARGET_NAME)";
				SWIFT_EMIT_LOC_STRINGS = NO;
				SWIFT_VERSION = 5.0;
				TARGETED_DEVICE_FAMILY = "1,2";
				TEST_TARGET_NAME = SkyBook;
			};
			name = Debug;
		};
		7F22255F2AE4F33200C13721 /* Release */ = {
			isa = XCBuildConfiguration;
			baseConfigurationReference = 26EEDF1B45C0ED4FD2CEF2EA /* Pods-SkyBook-SkyBookUITests.release.xcconfig */;
			buildSettings = {
				ALWAYS_EMBED_SWIFT_STANDARD_LIBRARIES = YES;
				CODE_SIGN_STYLE = Automatic;
				CURRENT_PROJECT_VERSION = 1;
				DEVELOPMENT_TEAM = 9BHQ3B3A96;
				GENERATE_INFOPLIST_FILE = YES;
				MARKETING_VERSION = 1.0;
				PRODUCT_BUNDLE_IDENTIFIER = com.weiquan.d.SkyBookUITests;
				PRODUCT_NAME = "$(TARGET_NAME)";
				SWIFT_EMIT_LOC_STRINGS = NO;
				SWIFT_VERSION = 5.0;
				TARGETED_DEVICE_FAMILY = "1,2";
				TEST_TARGET_NAME = SkyBook;
			};
			name = Release;
		};
/* End XCBuildConfiguration section */

/* Begin XCConfigurationList section */
		7F2225252AE4F32F00C13721 /* Build configuration list for PBXProject "SkyBook" */ = {
			isa = XCConfigurationList;
			buildConfigurations = (
				7F2225552AE4F33200C13721 /* Debug */,
				7F2225562AE4F33200C13721 /* Release */,
			);
			defaultConfigurationIsVisible = 0;
			defaultConfigurationName = Release;
		};
		7F2225572AE4F33200C13721 /* Build configuration list for PBXNativeTarget "SkyBook" */ = {
			isa = XCConfigurationList;
			buildConfigurations = (
				7F2225582AE4F33200C13721 /* Debug */,
				7F2225592AE4F33200C13721 /* Release */,
			);
			defaultConfigurationIsVisible = 0;
			defaultConfigurationName = Release;
		};
		7F22255A2AE4F33200C13721 /* Build configuration list for PBXNativeTarget "SkyBookTests" */ = {
			isa = XCConfigurationList;
			buildConfigurations = (
				7F22255B2AE4F33200C13721 /* Debug */,
				7F22255C2AE4F33200C13721 /* Release */,
			);
			defaultConfigurationIsVisible = 0;
			defaultConfigurationName = Release;
		};
		7F22255D2AE4F33200C13721 /* Build configuration list for PBXNativeTarget "SkyBookUITests" */ = {
			isa = XCConfigurationList;
			buildConfigurations = (
				7F22255E2AE4F33200C13721 /* Debug */,
				7F22255F2AE4F33200C13721 /* Release */,
			);
			defaultConfigurationIsVisible = 0;
			defaultConfigurationName = Release;
		};
/* End XCConfigurationList section */

/* Begin XCVersionGroup section */
		7F2225362AE4F32F00C13721 /* SkyBook.xcdatamodeld */ = {
			isa = XCVersionGroup;
			children = (
				7F2225372AE4F32F00C13721 /* SkyBook.xcdatamodel */,
			);
			currentVersion = 7F2225372AE4F32F00C13721 /* SkyBook.xcdatamodel */;
			path = SkyBook.xcdatamodeld;
			sourceTree = "<group>";
			versionGroupType = wrapper.xcdatamodel;
		};
/* End XCVersionGroup section */
	};
	rootObject = 7F2225222AE4F32F00C13721 /* Project object */;
}
